
Microsoft Visual Studio Solution File, Format Version 10.00
# Visual Studio 2008
Project("{2150E333-8FDC-42A3-9474-1A3956D46DE8}") = "Solution Items", "Solution Items", "{215FA79C-23DF-4CE9-9E05-276E7C4040FC}"
	ProjectSection(SolutionItems) = preProject
		LinuxBuildAll.sh = LinuxBuildAll.sh
		MakeRuntime.cmd = MakeRuntime.cmd
		MakeRuntime.sh = MakeRuntime.sh
		MultiXTpm Generic Multiplexer.htm = MultiXTpm Generic Multiplexer.htm
		TpmConfig.xml = TpmConfig.xml
	EndProjectSection
EndProject
Project("{8BC9CEB8-8B4A-11D0-8D11-00A0C91BC942}") = "MultiplexerServerFE", "MultiplexerServerFE\MultiplexerServerFE.vcproj", "{C712D6A4-238E-45CE-8AA2-80CDBDC1D8DF}"
	ProjectSection(ProjectDependencies) = postProject
		{71404712-274F-4DC6-B6D6-3A2A45CAE7E9} = {71404712-274F-4DC6-B6D6-3A2A45CAE7E9}
	EndProjectSection
EndProject
Project("{8BC9CEB8-8B4A-11D0-8D11-00A0C91BC942}") = "MultiplexerShared", "MultiplexerShared\MultiplexerShared.vcproj", "{71404712-274F-4DC6-B6D6-3A2A45CAE7E9}"
EndProject
Project("{8BC9CEB8-8B4A-11D0-8D11-00A0C91BC942}") = "MultiplexerClientFE", "MultiplexerClientFE\MultiplexserClientFE.vcproj", "{0DD67029-BCC4-4F81-BE34-D18424C3E619}"
	ProjectSection(ProjectDependencies) = postProject
		{71404712-274F-4DC6-B6D6-3A2A45CAE7E9} = {71404712-274F-4DC6-B6D6-3A2A45CAE7E9}
	EndProjectSection
EndProject
Global
	GlobalSection(SolutionConfigurationPlatforms) = preSolution
		Debug|Win32 = Debug|Win32
		Release|Win32 = Release|Win32
	EndGlobalSection
	GlobalSection(ProjectConfigurationPlatforms) = postSolution
		{C712D6A4-238E-45CE-8AA2-80CDBDC1D8DF}.Debug|Win32.ActiveCfg = Debug|Win32
		{C712D6A4-238E-45CE-8AA2-80CDBDC1D8DF}.Debug|Win32.Build.0 = Debug|Win32
		{C712D6A4-238E-45CE-8AA2-80CDBDC1D8DF}.Release|Win32.ActiveCfg = Release|Win32
		{C712D6A4-238E-45CE-8AA2-80CDBDC1D8DF}.Release|Win32.Build.0 = Release|Win32
		{71404712-274F-4DC6-B6D6-3A2A45CAE7E9}.Debug|Win32.ActiveCfg = Debug|Win32
		{71404712-274F-4DC6-B6D6-3A2A45CAE7E9}.Debug|Win32.Build.0 = Debug|Win32
		{71404712-274F-4DC6-B6D6-3A2A45CAE7E9}.Release|Win32.ActiveCfg = Release|Win32
		{71404712-274F-4DC6-B6D6-3A2A45CAE7E9}.Release|Win32.Build.0 = Release|Win32
		{0DD67029-BCC4-4F81-BE34-D18424C3E619}.Debug|Win32.ActiveCfg = Debug|Win32
		{0DD67029-BCC4-4F81-BE34-D18424C3E619}.Debug|Win32.Build.0 = Debug|Win32
		{0DD67029-BCC4-4F81-BE34-D18424C3E619}.Release|Win32.ActiveCfg = Release|Win32
		{0DD67029-BCC4-4F81-BE34-D18424C3E619}.Release|Win32.Build.0 = Release|Win32
	EndGlobalSection
	GlobalSection(SolutionProperties) = preSolution
		HideSolutionNode = FALSE
	EndGlobalSection
EndGlobal
